
Microsoft Visual Studio Solution File, Format Version 12.00
# Visual Studio Version 17
VisualStudioVersion = 17.11.35327.3
MinimumVisualStudioVersion = 10.0.40219.1
Project("{FAE04EC0-301F-11D3-BF4B-00C04F79EFBC}") = "AppFundamentos", "AppFundamentos\AppFundamentos.csproj", "{6C032ED8-04CD-4D3A-BD02-32A53E8D8EC6}"
EndProject
Global
	GlobalSection(SolutionConfigurationPlatforms) = preSolution
		Debug|Any CPU = Debug|Any CPU
		Release|Any CPU = Release|Any CPU
	EndGlobalSection
	GlobalSection(ProjectConfigurationPlatforms) = postSolution
		{6C032ED8-04CD-4D3A-BD02-32A53E8D8EC6}.Debug|Any CPU.ActiveCfg = Debug|Any CPU
		{6C032ED8-04CD-4D3A-BD02-32A53E8D8EC6}.Debug|Any CPU.Build.0 = Debug|Any CPU
		{6C032ED8-04CD-4D3A-BD02-32A53E8D8EC6}.Release|Any CPU.ActiveCfg = Release|Any CPU
		{6C032ED8-04CD-4D3A-BD02-32A53E8D8EC6}.Release|Any CPU.Build.0 = Release|Any CPU
	EndGlobalSection
	GlobalSection(SolutionProperties) = preSolution
		HideSolutionNode = FALSE
	EndGlobalSection
	GlobalSection(ExtensibilityGlobals) = postSolution
		SolutionGuid = {F235DEF7-DB65-4E52-84BB-1F2376AA41BC}
	EndGlobalSection
EndGlobal
